
Microsoft Visual Studio Solution File, Format Version 12.00
# Visual Studio Version 17
VisualStudioVersion = 17.0.32014.148
MinimumVisualStudioVersion = 10.0.40219.1
Project("{8BC9CEB8-8B4A-11D0-8D11-00A0C91BC942}") = "2022-C++", "2022-C++\2022-C++.vcxproj", "{93AE2B7C-786F-4143-9881-8D0EC072197C}"
EndProject
Global
	GlobalSection(SolutionConfigurationPlatforms) = preSolution
		Debug|x64 = Debug|x64
		Debug|x86 = Debug|x86
		Release|x64 = Release|x64
		Release|x86 = Release|x86
	EndGlobalSection
	GlobalSection(ProjectConfigurationPlatforms) = postSolution
		{93AE2B7C-786F-4143-9881-8D0EC072197C}.Debug|x64.ActiveCfg = Debug|x64
		{93AE2B7C-786F-4143-9881-8D0EC072197C}.Debug|x64.Build.0 = Debug|x64
		{93AE2B7C-786F-4143-9881-8D0EC072197C}.Debug|x86.ActiveCfg = Debug|Win32
		{93AE2B7C-786F-4143-9881-8D0EC072197C}.Debug|x86.Build.0 = Debug|Win32
		{93AE2B7C-786F-4143-9881-8D0EC072197C}.Release|x64.ActiveCfg = Release|x64
		{93AE2B7C-786F-4143-9881-8D0EC072197C}.Release|x64.Build.0 = Release|x64
		{93AE2B7C-786F-4143-9881-8D0EC072197C}.Release|x86.ActiveCfg = Release|Win32
		{93AE2B7C-786F-4143-9881-8D0EC072197C}.Release|x86.Build.0 = Release|Win32
	EndGlobalSection
	GlobalSection(SolutionProperties) = preSolution
		HideSolutionNode = FALSE
	EndGlobalSection
	GlobalSection(ExtensibilityGlobals) = postSolution
		SolutionGuid = {6485A27E-D0F7-4798-BB07-8A3D57AEB453}
	EndGlobalSection
EndGlobal
